// !$*UTF8*$!
{
	archiveVersion = 1;
	classes = {
	};
	objectVersion = 77;
	objects = {

/* Begin PBXContainerItemProxy section */
		23578E6E2DEE383000A10D6B /* PBXContainerItemProxy */ = {
			isa = PBXContainerItemProxy;
			containerPortal = 23578E582DEE382D00A10D6B /* Project object */;
			proxyType = 1;
			remoteGlobalIDString = 23578E5F2DEE382D00A10D6B;
			remoteInfo = Petpal.ai;
		};
		23578E782DEE383000A10D6B /* PBXContainerItemProxy */ = {
			isa = PBXContainerItemProxy;
			containerPortal = 23578E582DEE382D00A10D6B /* Project object */;
			proxyType = 1;
			remoteGlobalIDString = 23578E5F2DEE382D00A10D6B;
			remoteInfo = Petpal.ai;
		};
/* End PBXContainerItemProxy section */

/* Begin PBXFileReference section */
		23578E602DEE382D00A10D6B /* Petpal.ai.app */ = {isa = PBXFileReference; explicitFileType = wrapper.application; includeInIndex = 0; path = Petpal.ai.app; sourceTree = BUILT_PRODUCTS_DIR; };
		23578E6D2DEE383000A10D6B /* Petpal.aiTests.xctest */ = {isa = PBXFileReference; explicitFileType = wrapper.cfbundle; includeInIndex = 0; path = Petpal.aiTests.xctest; sourceTree = BUILT_PRODUCTS_DIR; };
		23578E772DEE383000A10D6B /* Petpal.aiUITests.xctest */ = {isa = PBXFileReference; explicitFileType = wrapper.cfbundle; includeInIndex = 0; path = Petpal.aiUITests.xctest; sourceTree = BUILT_PRODUCTS_DIR; };
/* End PBXFileReference section */

/* Begin PBXFileSystemSynchronizedRootGroup section */
		23578E622DEE382D00A10D6B /* Petpal.ai */ = {
			isa = PBXFileSystemSynchronizedRootGroup;
			path = Petpal.ai;
			sourceTree = "<group>";
		};
		23578E702DEE383000A10D6B /* Petpal.aiTests */ = {
			isa = PBXFileSystemSynchronizedRootGroup;
			path = Petpal.aiTests;
			sourceTree = "<group>";
		};
		23578E7A2DEE383000A10D6B /* Petpal.aiUITests */ = {
			isa = PBXFileSystemSynchronizedRootGroup;
			path = Petpal.aiUITests;
			sourceTree = "<group>";
		};
/* End PBXFileSystemSynchronizedRootGroup section */

/* Begin PBXFrameworksBuildPhase section */
		23578E5D2DEE382D00A10D6B /* Frameworks */ = {
			isa = PBXFrameworksBuildPhase;
			buildActionMask = 2147483647;
			files = (
			);
			runOnlyForDeploymentPostprocessing = 0;
		};
		23578E6A2DEE383000A10D6B /* Frameworks */ = {
			isa = PBXFrameworksBuildPhase;
			buildActionMask = 2147483647;
			files = (
			);
			runOnlyForDeploymentPostprocessing = 0;
		};
		23578E742DEE383000A10D6B /* Frameworks */ = {
			isa = PBXFrameworksBuildPhase;
			buildActionMask = 2147483647;
			files = (
			);
			runOnlyForDeploymentPostprocessing = 0;
		};
/* End PBXFrameworksBuildPhase section */

/* Begin PBXGroup section */
		23578E572DEE382D00A10D6B = {
			isa = PBXGroup;
			children = (
				23578E622DEE382D00A10D6B /* Petpal.ai */,
				23578E702DEE383000A10D6B /* Petpal.aiTests */,
				23578E7A2DEE383000A10D6B /* Petpal.aiUITests */,
				23578E612DEE382D00A10D6B /* Products */,
			);
			sourceTree = "<group>";
		};
		23578E612DEE382D00A10D6B /* Products */ = {
			isa = PBXGroup;
			children = (
				23578E602DEE382D00A10D6B /* Petpal.ai.app */,
				23578E6D2DEE383000A10D6B /* Petpal.aiTests.xctest */,
				23578E772DEE383000A10D6B /* Petpal.aiUITests.xctest */,
			);
			name = Products;
			sourceTree = "<group>";
		};
/* End PBXGroup section */

/* Begin PBXNativeTarget section */
		23578E5F2DEE382D00A10D6B /* Petpal.ai */ = {
			isa = PBXNativeTarget;
			buildConfigurationList = 23578E812DEE383000A10D6B /* Build configuration list for PBXNativeTarget "Petpal.ai" */;
			buildPhases = (
				23578E5C2DEE382D00A10D6B /* Sources */,
				23578E5D2DEE382D00A10D6B /* Frameworks */,
				23578E5E2DEE382D00A10D6B /* Resources */,
			);
			buildRules = (
			);
			dependencies = (
			);
			fileSystemSynchronizedGroups = (
				23578E622DEE382D00A10D6B /* Petpal.ai */,
			);
			name = Petpal.ai;
			packageProductDependencies = (
			);
			productName = Petpal.ai;
			productReference = 23578E602DEE382D00A10D6B /* Petpal.ai.app */;
			productType = "com.apple.product-type.application";
		};
		23578E6C2DEE383000A10D6B /* Petpal.aiTests */ = {
			isa = PBXNativeTarget;
			buildConfigurationList = 23578E842DEE383000A10D6B /* Build configuration list for PBXNativeTarget "Petpal.aiTests" */;
			buildPhases = (
				23578E692DEE383000A10D6B /* Sources */,
				23578E6A2DEE383000A10D6B /* Frameworks */,
				23578E6B2DEE383000A10D6B /* Resources */,
			);
			buildRules = (
			);
			dependencies = (
				23578E6F2DEE383000A10D6B /* PBXTargetDependency */,
			);
			fileSystemSynchronizedGroups = (
				23578E702DEE383000A10D6B /* Petpal.aiTests */,
			);
			name = Petpal.aiTests;
			packageProductDependencies = (
			);
			productName = Petpal.aiTests;
			productReference = 23578E6D2DEE383000A10D6B /* Petpal.aiTests.xctest */;
			productType = "com.apple.product-type.bundle.unit-test";
		};
		23578E762DEE383000A10D6B /* Petpal.aiUITests */ = {
			isa = PBXNativeTarget;
			buildConfigurationList = 23578E872DEE383000A10D6B /* Build configuration list for PBXNativeTarget "Petpal.aiUITests" */;
			buildPhases = (
				23578E732DEE383000A10D6B /* Sources */,
				23578E742DEE383000A10D6B /* Frameworks */,
				23578E752DEE383000A10D6B /* Resources */,
			);
			buildRules = (
			);
			dependencies = (
				23578E792DEE383000A10D6B /* PBXTargetDependency */,
			);
			fileSystemSynchronizedGroups = (
				23578E7A2DEE383000A10D6B /* Petpal.aiUITests */,
			);
			name = Petpal.aiUITests;
			packageProductDependencies = (
			);
			productName = Petpal.aiUITests;
			productReference = 23578E772DEE383000A10D6B /* Petpal.aiUITests.xctest */;
			productType = "com.apple.product-type.bundle.ui-testing";
		};
/* End PBXNativeTarget section */

/* Begin PBXProject section */
		23578E582DEE382D00A10D6B /* Project object */ = {
			isa = PBXProject;
			attributes = {
				BuildIndependentTargetsInParallel = 1;
				LastSwiftUpdateCheck = 1640;
				LastUpgradeCheck = 1640;
				TargetAttributes = {
					23578E5F2DEE382D00A10D6B = {
						CreatedOnToolsVersion = 16.4;
					};
					23578E6C2DEE383000A10D6B = {
						CreatedOnToolsVersion = 16.4;
						TestTargetID = 23578E5F2DEE382D00A10D6B;
					};
					23578E762DEE383000A10D6B = {
						CreatedOnToolsVersion = 16.4;
						TestTargetID = 23578E5F2DEE382D00A10D6B;
					};
				};
			};
			buildConfigurationList = 23578E5B2DEE382D00A10D6B /* Build configuration list for PBXProject "Petpal.ai" */;
			developmentRegion = en;
			hasScannedForEncodings = 0;
			knownRegions = (
				en,
				Base,
			);
			mainGroup = 23578E572DEE382D00A10D6B;
			minimizedProjectReferenceProxies = 1;
			preferredProjectObjectVersion = 77;
			productRefGroup = 23578E612DEE382D00A10D6B /* Products */;
			projectDirPath = "";
			projectRoot = "";
			targets = (
				23578E5F2DEE382D00A10D6B /* Petpal.ai */,
				23578E6C2DEE383000A10D6B /* Petpal.aiTests */,
				23578E762DEE383000A10D6B /* Petpal.aiUITests */,
			);
		};
/* End PBXProject section */

/* Begin PBXResourcesBuildPhase section */
		23578E5E2DEE382D00A10D6B /* Resources */ = {
			isa = PBXResourcesBuildPhase;
			buildActionMask = 2147483647;
			files = (
			);
			runOnlyForDeploymentPostprocessing = 0;
		};
		23578E6B2DEE383000A10D6B /* Resources */ = {
			isa = PBXResourcesBuildPhase;
			buildActionMask = 2147483647;
			files = (
			);
			runOnlyForDeploymentPostprocessing = 0;
		};
		23578E752DEE383000A10D6B /* Resources */ = {
			isa = PBXResourcesBuildPhase;
			buildActionMask = 2147483647;
			files = (
			);
			runOnlyForDeploymentPostprocessing = 0;
		};
/* End PBXResourcesBuildPhase section */

/* Begin PBXSourcesBuildPhase section */
		23578E5C2DEE382D00A10D6B /* Sources */ = {
			isa = PBXSourcesBuildPhase;
			buildActionMask = 2147483647;
			files = (
			);
			runOnlyForDeploymentPostprocessing = 0;
		};
		23578E692DEE383000A10D6B /* Sources */ = {
			isa = PBXSourcesBuildPhase;
			buildActionMask = 2147483647;
			files = (
			);
			runOnlyForDeploymentPostprocessing = 0;
		};
		23578E732DEE383000A10D6B /* Sources */ = {
			isa = PBXSourcesBuildPhase;
			buildActionMask = 2147483647;
			files = (
			);
			runOnlyForDeploymentPostprocessing = 0;
		};
/* End PBXSourcesBuildPhase section */

/* Begin PBXTargetDependency section */
		23578E6F2DEE383000A10D6B /* PBXTargetDependency */ = {
			isa = PBXTargetDependency;
			target = 23578E5F2DEE382D00A10D6B /* Petpal.ai */;
			targetProxy = 23578E6E2DEE383000A10D6B /* PBXContainerItemProxy */;
		};
		23578E792DEE383000A10D6B /* PBXTargetDependency */ = {
			isa = PBXTargetDependency;
			target = 23578E5F2DEE382D00A10D6B /* Petpal.ai */;
			targetProxy = 23578E782DEE383000A10D6B /* PBXContainerItemProxy */;
		};
/* End PBXTargetDependency section */

/* Begin XCBuildConfiguration section */
		23578E7F2DEE383000A10D6B /* Debug */ = {
			isa = XCBuildConfiguration;
			buildSettings = {
				ALWAYS_SEARCH_USER_PATHS = NO;
				ASSETCATALOG_COMPILER_GENERATE_SWIFT_ASSET_SYMBOL_EXTENSIONS = YES;
				CLANG_ANALYZER_NONNULL = YES;
				CLANG_ANALYZER_NUMBER_OBJECT_CONVERSION = YES_AGGRESSIVE;
				CLANG_CXX_LANGUAGE_STANDARD = "gnu++20";
				CLANG_ENABLE_MODULES = YES;
				CLANG_ENABLE_OBJC_ARC = YES;
				CLANG_ENABLE_OBJC_WEAK = YES;
				CLANG_WARN_BLOCK_CAPTURE_AUTORELEASING = YES;
				CLANG_WARN_BOOL_CONVERSION = YES;
				CLANG_WARN_COMMA = YES;
				CLANG_WARN_CONSTANT_CONVERSION = YES;
				CLANG_WARN_DEPRECATED_OBJC_IMPLEMENTATIONS = YES;
				CLANG_WARN_DIRECT_OBJC_ISA_USAGE = YES_ERROR;
				CLANG_WARN_DOCUMENTATION_COMMENTS = YES;
				CLANG_WARN_EMPTY_BODY = YES;
				CLANG_WARN_ENUM_CONVERSION = YES;
				CLANG_WARN_INFINITE_RECURSION = YES;
				CLANG_WARN_INT_CONVERSION = YES;
				CLANG_WARN_NON_LITERAL_NULL_CONVERSION = YES;
				CLANG_WARN_OBJC_IMPLICIT_RETAIN_SELF = YES;
				CLANG_WARN_OBJC_LITERAL_CONVERSION = YES;
				CLANG_WARN_OBJC_ROOT_CLASS = YES_ERROR;
				CLANG_WARN_QUOTED_INCLUDE_IN_FRAMEWORK_HEADER = YES;
				CLANG_WARN_RANGE_LOOP_ANALYSIS = YES;
				CLANG_WARN_STRICT_PROTOTYPES = YES;
				CLANG_WARN_SUSPICIOUS_MOVE = YES;
				CLANG_WARN_UNGUARDED_AVAILABILITY = YES_AGGRESSIVE;
				CLANG_WARN_UNREACHABLE_CODE = YES;
				CLANG_WARN__DUPLICATE_METHOD_MATCH = YES;
				COPY_PHASE_STRIP = NO;
				DEBUG_INFORMATION_FORMAT = dwarf;
				ENABLE_STRICT_OBJC_MSGSEND = YES;
				ENABLE_TESTABILITY = YES;
				ENABLE_USER_SCRIPT_SANDBOXING = YES;
				GCC_C_LANGUAGE_STANDARD = gnu17;
				GCC_DYNAMIC_NO_PIC = NO;
				GCC_NO_COMMON_BLOCKS = YES;
				GCC_OPTIMIZATION_LEVEL = 0;
				GCC_PREPROCESSOR_DEFINITIONS = (
					"DEBUG=1",
					"$(inherited)",
				);
				GCC_WARN_64_TO_32_BIT_CONVERSION = YES;
				GCC_WARN_ABOUT_RETURN_TYPE = YES_ERROR;
				GCC_WARN_UNDECLARED_SELECTOR = YES;
				GCC_WARN_UNINITIALIZED_AUTOS = YES_AGGRESSIVE;
				GCC_WARN_UNUSED_FUNCTION = YES;
				GCC_WARN_UNUSED_VARIABLE = YES;
				IPHONEOS_DEPLOYMENT_TARGET = 18.5;
				LOCALIZATION_PREFERS_STRING_CATALOGS = YES;
				MTL_ENABLE_DEBUG_INFO = INCLUDE_SOURCE;
				MTL_FAST_MATH = YES;
				ONLY_ACTIVE_ARCH = YES;
				SDKROOT = iphoneos;
				SWIFT_ACTIVE_COMPILATION_CONDITIONS = "DEBUG $(inherited)";
				SWIFT_OPTIMIZATION_LEVEL = "-Onone";
			};
			name = Debug;
		};
		23578E802DEE383000A10D6B /* Release */ = {
			isa = XCBuildConfiguration;
			buildSettings = {
				ALWAYS_SEARCH_USER_PATHS = NO;
				ASSETCATALOG_COMPILER_GENERATE_SWIFT_ASSET_SYMBOL_EXTENSIONS = YES;
				CLANG_ANALYZER_NONNULL = YES;
				CLANG_ANALYZER_NUMBER_OBJECT_CONVERSION = YES_AGGRESSIVE;
				CLANG_CXX_LANGUAGE_STANDARD = "gnu++20";
				CLANG_ENABLE_MODULES = YES;
				CLANG_ENABLE_OBJC_ARC = YES;
				CLANG_ENABLE_OBJC_WEAK = YES;
				CLANG_WARN_BLOCK_CAPTURE_AUTORELEASING = YES;
				CLANG_WARN_BOOL_CONVERSION = YES;
				CLANG_WARN_COMMA = YES;
				CLANG_WARN_CONSTANT_CONVERSION = YES;
				CLANG_WARN_DEPRECATED_OBJC_IMPLEMENTATIONS = YES;
				CLANG_WARN_DIRECT_OBJC_ISA_USAGE = YES_ERROR;
				CLANG_WARN_DOCUMENTATION_COMMENTS = YES;
				CLANG_WARN_EMPTY_BODY = YES;
				CLANG_WARN_ENUM_CONVERSION = YES;
				CLANG_WARN_INFINITE_RECURSION = YES;
				CLANG_WARN_INT_CONVERSION = YES;
				CLANG_WARN_NON_LITERAL_NULL_CONVERSION = YES;
				CLANG_WARN_OBJC_IMPLICIT_RETAIN_SELF = YES;
				CLANG_WARN_OBJC_LITERAL_CONVERSION = YES;
				CLANG_WARN_OBJC_ROOT_CLASS = YES_ERROR;
				CLANG_WARN_QUOTED_INCLUDE_IN_FRAMEWORK_HEADER = YES;
				CLANG_WARN_RANGE_LOOP_ANALYSIS = YES;
				CLANG_WARN_STRICT_PROTOTYPES = YES;
				CLANG_WARN_SUSPICIOUS_MOVE = YES;
				CLANG_WARN_UNGUARDED_AVAILABILITY = YES_AGGRESSIVE;
				CLANG_WARN_UNREACHABLE_CODE = YES;
				CLANG_WARN__DUPLICATE_METHOD_MATCH = YES;
				COPY_PHASE_STRIP = NO;
				DEBUG_INFORMATION_FORMAT = "dwarf-with-dsym";
				ENABLE_NS_ASSERTIONS = NO;
				ENABLE_STRICT_OBJC_MSGSEND = YES;
				ENABLE_USER_SCRIPT_SANDBOXING = YES;
				GCC_C_LANGUAGE_STANDARD = gnu17;
				GCC_NO_COMMON_BLOCKS = YES;
				GCC_WARN_64_TO_32_BIT_CONVERSION = YES;
				GCC_WARN_ABOUT_RETURN_TYPE = YES_ERROR;
				GCC_WARN_UNDECLARED_SELECTOR = YES;
				GCC_WARN_UNINITIALIZED_AUTOS = YES_AGGRESSIVE;
				GCC_WARN_UNUSED_FUNCTION = YES;
				GCC_WARN_UNUSED_VARIABLE = YES;
				IPHONEOS_DEPLOYMENT_TARGET = 18.5;
				LOCALIZATION_PREFERS_STRING_CATALOGS = YES;
				MTL_ENABLE_DEBUG_INFO = NO;
				MTL_FAST_MATH = YES;
				SDKROOT = iphoneos;
				SWIFT_COMPILATION_MODE = wholemodule;
				VALIDATE_PRODUCT = YES;
			};
			name = Release;
		};
		23578E822DEE383000A10D6B /* Debug */ = {
			isa = XCBuildConfiguration;
			buildSettings = {
				ASSETCATALOG_COMPILER_APPICON_NAME = AppIcon;
				ASSETCATALOG_COMPILER_GLOBAL_ACCENT_COLOR_NAME = AccentColor;
				CODE_SIGN_STYLE = Automatic;
				CURRENT_PROJECT_VERSION = 1;
				ENABLE_PREVIEWS = YES;
				GENERATE_INFOPLIST_FILE = YES;
				INFOPLIST_KEY_UIApplicationSceneManifest_Generation = YES;
				INFOPLIST_KEY_UIApplicationSupportsIndirectInputEvents = YES;
				INFOPLIST_KEY_UILaunchScreen_Generation = YES;
				INFOPLIST_KEY_UISupportedInterfaceOrientations_iPad = "UIInterfaceOrientationPortrait UIInterfaceOrientationPortraitUpsideDown UIInterfaceOrientationLandscapeLeft UIInterfaceOrientationLandscapeRight";
				INFOPLIST_KEY_UISupportedInterfaceOrientations_iPhone = "UIInterfaceOrientationPortrait UIInterfaceOrientationLandscapeLeft UIInterfaceOrientationLandscapeRight";
				LD_RUNPATH_SEARCH_PATHS = (
					"$(inherited)",
					"@executable_path/Frameworks",
				);
				MARKETING_VERSION = 1.0;
				PRODUCT_BUNDLE_IDENTIFIER = "W.Petpal-ai";
				PRODUCT_NAME = "$(TARGET_NAME)";
				SWIFT_EMIT_LOC_STRINGS = YES;
				SWIFT_VERSION = 5.0;
				TARGETED_DEVICE_FAMILY = "1,2";
			};
			name = Debug;
		};
		23578E832DEE383000A10D6B /* Release */ = {
			isa = XCBuildConfiguration;
			buildSettings = {
				ASSETCATALOG_COMPILER_APPICON_NAME = AppIcon;
				ASSETCATALOG_COMPILER_GLOBAL_ACCENT_COLOR_NAME = AccentColor;
				CODE_SIGN_STYLE = Automatic;
				CURRENT_PROJECT_VERSION = 1;
				ENABLE_PREVIEWS = YES;
				GENERATE_INFOPLIST_FILE = YES;
				INFOPLIST_KEY_UIApplicationSceneManifest_Generation = YES;
				INFOPLIST_KEY_UIApplicationSupportsIndirectInputEvents = YES;
				INFOPLIST_KEY_UILaunchScreen_Generation = YES;
				INFOPLIST_KEY_UISupportedInterfaceOrientations_iPad = "UIInterfaceOrientationPortrait UIInterfaceOrientationPortraitUpsideDown UIInterfaceOrientationLandscapeLeft UIInterfaceOrientationLandscapeRight";
				INFOPLIST_KEY_UISupportedInterfaceOrientations_iPhone = "UIInterfaceOrientationPortrait UIInterfaceOrientationLandscapeLeft UIInterfaceOrientationLandscapeRight";
				LD_RUNPATH_SEARCH_PATHS = (
					"$(inherited)",
					"@executable_path/Frameworks",
				);
				MARKETING_VERSION = 1.0;
				PRODUCT_BUNDLE_IDENTIFIER = "W.Petpal-ai";
				PRODUCT_NAME = "$(TARGET_NAME)";
				SWIFT_EMIT_LOC_STRINGS = YES;
				SWIFT_VERSION = 5.0;
				TARGETED_DEVICE_FAMILY = "1,2";
			};
			name = Release;
		};
		23578E852DEE383000A10D6B /* Debug */ = {
			isa = XCBuildConfiguration;
			buildSettings = {
				BUNDLE_LOADER = "$(TEST_HOST)";
				CODE_SIGN_STYLE = Automatic;
				CURRENT_PROJECT_VERSION = 1;
				GENERATE_INFOPLIST_FILE = YES;
				IPHONEOS_DEPLOYMENT_TARGET = 18.5;
				MARKETING_VERSION = 1.0;
				PRODUCT_BUNDLE_IDENTIFIER = "W.Petpal-aiTests";
				PRODUCT_NAME = "$(TARGET_NAME)";
				SWIFT_EMIT_LOC_STRINGS = NO;
				SWIFT_VERSION = 5.0;
				TARGETED_DEVICE_FAMILY = "1,2";
				TEST_HOST = "$(BUILT_PRODUCTS_DIR)/Petpal.ai.app/$(BUNDLE_EXECUTABLE_FOLDER_PATH)/Petpal.ai";
			};
			name = Debug;
		};
		23578E862DEE383000A10D6B /* Release */ = {
			isa = XCBuildConfiguration;
			buildSettings = {
				BUNDLE_LOADER = "$(TEST_HOST)";
				CODE_SIGN_STYLE = Automatic;
				CURRENT_PROJECT_VERSION = 1;
				GENERATE_INFOPLIST_FILE = YES;
				IPHONEOS_DEPLOYMENT_TARGET = 18.5;
				MARKETING_VERSION = 1.0;
				PRODUCT_BUNDLE_IDENTIFIER = "W.Petpal-aiTests";
				PRODUCT_NAME = "$(TARGET_NAME)";
				SWIFT_EMIT_LOC_STRINGS = NO;
				SWIFT_VERSION = 5.0;
				TARGETED_DEVICE_FAMILY = "1,2";
				TEST_HOST = "$(BUILT_PRODUCTS_DIR)/Petpal.ai.app/$(BUNDLE_EXECUTABLE_FOLDER_PATH)/Petpal.ai";
			};
			name = Release;
		};
		23578E882DEE383000A10D6B /* Debug */ = {
			isa = XCBuildConfiguration;
			buildSettings = {
				CODE_SIGN_STYLE = Automatic;
				CURRENT_PROJECT_VERSION = 1;
				GENERATE_INFOPLIST_FILE = YES;
				MARKETING_VERSION = 1.0;
				PRODUCT_BUNDLE_IDENTIFIER = "W.Petpal-aiUITests";
				PRODUCT_NAME = "$(TARGET_NAME)";
				SWIFT_EMIT_LOC_STRINGS = NO;
				SWIFT_VERSION = 5.0;
				TARGETED_DEVICE_FAMILY = "1,2";
				TEST_TARGET_NAME = Petpal.ai;
			};
			name = Debug;
		};
		23578E892DEE383000A10D6B /* Release */ = {
			isa = XCBuildConfiguration;
			buildSettings = {
				CODE_SIGN_STYLE = Automatic;
				CURRENT_PROJECT_VERSION = 1;
				GENERATE_INFOPLIST_FILE = YES;
				MARKETING_VERSION = 1.0;
				PRODUCT_BUNDLE_IDENTIFIER = "W.Petpal-aiUITests";
				PRODUCT_NAME = "$(TARGET_NAME)";
				SWIFT_EMIT_LOC_STRINGS = NO;
				SWIFT_VERSION = 5.0;
				TARGETED_DEVICE_FAMILY = "1,2";
				TEST_TARGET_NAME = Petpal.ai;
			};
			name = Release;
		};
/* End XCBuildConfiguration section */

/* Begin XCConfigurationList section */
		23578E5B2DEE382D00A10D6B /* Build configuration list for PBXProject "Petpal.ai" */ = {
			isa = XCConfigurationList;
			buildConfigurations = (
				23578E7F2DEE383000A10D6B /* Debug */,
				23578E802DEE383000A10D6B /* Release */,
			);
			defaultConfigurationIsVisible = 0;
			defaultConfigurationName = Release;
		};
		23578E812DEE383000A10D6B /* Build configuration list for PBXNativeTarget "Petpal.ai" */ = {
			isa = XCConfigurationList;
			buildConfigurations = (
				23578E822DEE383000A10D6B /* Debug */,
				23578E832DEE383000A10D6B /* Release */,
			);
			defaultConfigurationIsVisible = 0;
			defaultConfigurationName = Release;
		};
		23578E842DEE383000A10D6B /* Build configuration list for PBXNativeTarget "Petpal.aiTests" */ = {
			isa = XCConfigurationList;
			buildConfigurations = (
				23578E852DEE383000A10D6B /* Debug */,
				23578E862DEE383000A10D6B /* Release */,
			);
			defaultConfigurationIsVisible = 0;
			defaultConfigurationName = Release;
		};
		23578E872DEE383000A10D6B /* Build configuration list for PBXNativeTarget "Petpal.aiUITests" */ = {
			isa = XCConfigurationList;
			buildConfigurations = (
				23578E882DEE383000A10D6B /* Debug */,
				23578E892DEE383000A10D6B /* Release */,
			);
			defaultConfigurationIsVisible = 0;
			defaultConfigurationName = Release;
		};
/* End XCConfigurationList section */
	};
	rootObject = 23578E582DEE382D00A10D6B /* Project object */;
}
